
Microsoft Visual Studio Solution File, Format Version 12.00
# Visual Studio 15
VisualStudioVersion = 15.0.27004.2005
MinimumVisualStudioVersion = 10.0.40219.1
Project("{888888A0-9F3D-457C-B088-3A5042F75D52}") = "HomeStatus", "HomeStatus\HomeStatus.pyproj", "{370C9C2A-44E6-40CD-ADF4-63A740CFF05F}"
EndProject
Global
	GlobalSection(SolutionConfigurationPlatforms) = preSolution
		Debug|Any CPU = Debug|Any CPU
		Release|Any CPU = Release|Any CPU
	EndGlobalSection
	GlobalSection(ProjectConfigurationPlatforms) = postSolution
		{370C9C2A-44E6-40CD-ADF4-63A740CFF05F}.Debug|Any CPU.ActiveCfg = Debug|Any CPU
		{370C9C2A-44E6-40CD-ADF4-63A740CFF05F}.Release|Any CPU.ActiveCfg = Release|Any CPU
	EndGlobalSection
	GlobalSection(SolutionProperties) = preSolution
		HideSolutionNode = FALSE
	EndGlobalSection
	GlobalSection(ExtensibilityGlobals) = postSolution
		SolutionGuid = {F3502C17-8F50-4D67-81D7-B04BAECE3F7E}
	EndGlobalSection
EndGlobal
